
Microsoft Visual Studio Solution File, Format Version 12.00
# Visual Studio Version 17
VisualStudioVersion = 17.14.36401.2 d17.14
MinimumVisualStudioVersion = 10.0.40219.1
Project("{2150E333-8FDC-42A3-9474-1A3956D46DE8}") = "src", "src", "{02EA681E-C7D8-13C7-8484-4AC65E1B71E8}"
EndProject
Project("{FAE04EC0-301F-11D3-BF4B-00C04F79EFBC}") = "Web", "src\Web\Web.csproj", "{E28AA178-7343-4542-BACA-4551D455BB1E}"
EndProject
Project("{FAE04EC0-301F-11D3-BF4B-00C04F79EFBC}") = "ApplicationCore", "src\ApplicationCore\ApplicationCore.csproj", "{B4204570-F7F9-4F53-89E8-5C44BDB1208F}"
EndProject
Project("{FAE04EC0-301F-11D3-BF4B-00C04F79EFBC}") = "Infrastructure", "src\Infrastructure\Infrastructure.csproj", "{CF04D646-C0B7-425B-9EB1-A054E6CB1947}"
EndProject
Global
	GlobalSection(SolutionConfigurationPlatforms) = preSolution
		Debug|Any CPU = Debug|Any CPU
		Release|Any CPU = Release|Any CPU
	EndGlobalSection
	GlobalSection(ProjectConfigurationPlatforms) = postSolution
		{E28AA178-7343-4542-BACA-4551D455BB1E}.Debug|Any CPU.ActiveCfg = Debug|Any CPU
		{E28AA178-7343-4542-BACA-4551D455BB1E}.Debug|Any CPU.Build.0 = Debug|Any CPU
		{E28AA178-7343-4542-BACA-4551D455BB1E}.Release|Any CPU.ActiveCfg = Release|Any CPU
		{E28AA178-7343-4542-BACA-4551D455BB1E}.Release|Any CPU.Build.0 = Release|Any CPU
		{B4204570-F7F9-4F53-89E8-5C44BDB1208F}.Debug|Any CPU.ActiveCfg = Debug|Any CPU
		{B4204570-F7F9-4F53-89E8-5C44BDB1208F}.Debug|Any CPU.Build.0 = Debug|Any CPU
		{B4204570-F7F9-4F53-89E8-5C44BDB1208F}.Release|Any CPU.ActiveCfg = Release|Any CPU
		{B4204570-F7F9-4F53-89E8-5C44BDB1208F}.Release|Any CPU.Build.0 = Release|Any CPU
		{CF04D646-C0B7-425B-9EB1-A054E6CB1947}.Debug|Any CPU.ActiveCfg = Debug|Any CPU
		{CF04D646-C0B7-425B-9EB1-A054E6CB1947}.Debug|Any CPU.Build.0 = Debug|Any CPU
		{CF04D646-C0B7-425B-9EB1-A054E6CB1947}.Release|Any CPU.ActiveCfg = Release|Any CPU
		{CF04D646-C0B7-425B-9EB1-A054E6CB1947}.Release|Any CPU.Build.0 = Release|Any CPU
	EndGlobalSection
	GlobalSection(SolutionProperties) = preSolution
		HideSolutionNode = FALSE
	EndGlobalSection
	GlobalSection(NestedProjects) = preSolution
		{E28AA178-7343-4542-BACA-4551D455BB1E} = {02EA681E-C7D8-13C7-8484-4AC65E1B71E8}
		{B4204570-F7F9-4F53-89E8-5C44BDB1208F} = {02EA681E-C7D8-13C7-8484-4AC65E1B71E8}
		{CF04D646-C0B7-425B-9EB1-A054E6CB1947} = {02EA681E-C7D8-13C7-8484-4AC65E1B71E8}
	EndGlobalSection
	GlobalSection(ExtensibilityGlobals) = postSolution
		SolutionGuid = {EED8B107-B1B7-4B0C-BC7E-22ABCD407258}
	EndGlobalSection
EndGlobal
